{
  "nodes": {
    "HTTP": {
      "flake": false,
      "locked": {
        "lastModified": 1451647621,
        "narHash": "sha256-oHIyw3x0iKBexEo49YeUDV1k74ZtyYKGR2gNJXXRxts=",
        "owner": "phadej",
        "repo": "HTTP",
        "rev": "9bc0996d412fef1787449d841277ef663ad9a915",
        "type": "github"
      },
      "original": {
        "owner": "phadej",
        "repo": "HTTP",
        "type": "github"
      }
    },
    "aquamarine": {
      "inputs": {
        "hyprutils": [
          "hyprland",
          "hyprutils"
        ],
        "hyprwayland-scanner": [
          "hyprland",
          "hyprwayland-scanner"
        ],
        "nixpkgs": [
          "hyprland",
          "nixpkgs"
        ],
        "systems": [
          "hyprland",
          "systems"
        ]
      },
      "locked": {
        "lastModified": 1758302489,
        "narHash": "sha256-NvE/uabYsuR7TbmRkSlOe6DB7UnOpD2/kHGyir2J/6A=",
        "owner": "hyprwm",
        "repo": "aquamarine",
        "rev": "11406cc23afeaaef1ee3ccffb9614e67e2458e29",
        "type": "github"
      },
      "original": {
        "owner": "hyprwm",
        "repo": "aquamarine",
        "type": "github"
      }
    },
    "cabal-32": {
      "flake": false,
      "locked": {
        "lastModified": 1603716527,
        "narHash": "sha256-X0TFfdD4KZpwl0Zr6x+PLxUt/VyKQfX7ylXHdmZIL+w=",
        "owner": "haskell",
        "repo": "cabal",
        "rev": "48bf10787e27364730dd37a42b603cee8d6af7ee",
        "type": "github"
      },
      "original": {
        "owner": "haskell",
        "ref": "3.2",
        "repo": "cabal",
        "type": "github"
      }
    },
    "cabal-34": {
      "flake": false,
      "locked": {
        "lastModified": 1645834128,
        "narHash": "sha256-wG3d+dOt14z8+ydz4SL7pwGfe7SiimxcD/LOuPCV6xM=",
        "owner": "haskell",
        "repo": "cabal",
        "rev": "5ff598c67f53f7c4f48e31d722ba37172230c462",
        "type": "github"
      },
      "original": {
        "owner": "haskell",
        "ref": "3.4",
        "repo": "cabal",
        "type": "github"
      }
    },
    "cabal-36": {
      "flake": false,
      "locked": {
        "lastModified": 1669081697,
        "narHash": "sha256-I5or+V7LZvMxfbYgZATU4awzkicBwwok4mVoje+sGmU=",
        "owner": "haskell",
        "repo": "cabal",
        "rev": "8fd619e33d34924a94e691c5fea2c42f0fc7f144",
        "type": "github"
      },
      "original": {
        "owner": "haskell",
        "ref": "3.6",
        "repo": "cabal",
        "type": "github"
      }
    },
    "cardano-shell": {
      "flake": false,
      "locked": {
        "lastModified": 1608537748,
        "narHash": "sha256-PulY1GfiMgKVnBci3ex4ptk2UNYMXqGjJOxcPy2KYT4=",
        "owner": "input-output-hk",
        "repo": "cardano-shell",
        "rev": "9392c75087cb9a3d453998f4230930dea3a95725",
        "type": "github"
      },
      "original": {
        "owner": "input-output-hk",
        "repo": "cardano-shell",
        "type": "github"
      }
    },
    "comin": {
      "inputs": {
        "nixpkgs": [
          "nixpkgs"
        ]
      },
      "locked": {
        "lastModified": 1750774560,
        "narHash": "sha256-qgjLDM4PbfQLv3HArlaBkdpDG51NiZqjLt91rdKz1U0=",
        "owner": "dragonhunter274",
        "repo": "comin",
        "rev": "b8b6d808bdfcb8bf003d0c86d6d6b9bcfd7ada7f",
        "type": "github"
      },
      "original": {
        "owner": "dragonhunter274",
        "repo": "comin",
        "type": "github"
      }
    },
    "copyparty": {
      "inputs": {
        "flake-utils": "flake-utils",
        "nixpkgs": "nixpkgs"
      },
      "locked": {
        "lastModified": 1766181259,
        "narHash": "sha256-bviGVfLGn39/g92x94VFKhBPIMvHwgWorxG59bzoHps=",
        "owner": "9001",
        "repo": "copyparty",
        "rev": "1f6e8116743aa14ad8659b0665c7421ed1982fa5",
        "type": "github"
      },
      "original": {
        "owner": "9001",
        "repo": "copyparty",
        "type": "github"
      }
    },
    "cpiotools": {
      "inputs": {
        "nixpkgs": "nixpkgs_5"
      },
      "locked": {
        "lastModified": 1702755016,
        "narHash": "sha256-avRrxBjC+z3XcKjosv6vzRlyDRNIKt/Dw7/pEzcTvYY=",
        "owner": "DeterminateSystems",
        "repo": "cpiotools",
        "rev": "189f7f5f672eb496bbba441aca1cdb208cb592ec",
        "type": "github"
      },
      "original": {
        "owner": "DeterminateSystems",
        "repo": "cpiotools",
        "type": "github"
      }
    },
    "disko": {
      "inputs": {
        "nixpkgs": [
          "nixpkgs"
        ]
      },
      "locked": {
        "lastModified": 1765326679,
        "narHash": "sha256-fTLX9kDwLr9Y0rH/nG+h1XG5UU+jBcy0PFYn5eneRX8=",
        "owner": "nix-community",
        "repo": "disko",
        "rev": "d64e5cdca35b5fad7c504f615357a7afe6d9c49e",
        "type": "github"
      },
      "original": {
        "owner": "nix-community",
        "repo": "disko",
        "type": "github"
      }
    },
    "flake-compat": {
      "flake": false,
      "locked": {
        "lastModified": 1672831974,
        "narHash": "sha256-z9k3MfslLjWQfnjBtEtJZdq3H7kyi2kQtUThfTgdRk0=",
        "owner": "input-output-hk",
        "repo": "flake-compat",
        "rev": "45f2638735f8cdc40fe302742b79f248d23eb368",
        "type": "github"
      },
      "original": {
        "owner": "input-output-hk",
        "ref": "hkm/gitlab-fix",
        "repo": "flake-compat",
        "type": "github"
      }
    },
    "flake-compat_2": {
      "flake": false,
      "locked": {
        "lastModified": 1747046372,
        "narHash": "sha256-CIVLLkVgvHYbgI2UpXvIIBJ12HWgX+fjA8Xf8PUmqCY=",
        "owner": "edolstra",
        "repo": "flake-compat",
        "rev": "9100a0f413b0c601e0533d1d94ffd501ce2e7885",
        "type": "github"
      },
      "original": {
        "owner": "edolstra",
        "repo": "flake-compat",
        "type": "github"
      }
    },
    "flake-compat_3": {
      "flake": false,
      "locked": {
        "lastModified": 1696426674,
        "narHash": "sha256-kvjfFW7WAETZlt09AgDn1MrtKzP7t90Vf7vypd3OL1U=",
        "owner": "edolstra",
        "repo": "flake-compat",
        "rev": "0f9255e01c2351cc7d116c072cb317785dd33b33",
        "type": "github"
      },
      "original": {
        "owner": "edolstra",
        "repo": "flake-compat",
        "type": "github"
      }
    },
    "flake-parts": {
      "inputs": {
        "nixpkgs-lib": "nixpkgs-lib"
      },
      "locked": {
        "lastModified": 1765495779,
        "narHash": "sha256-MhA7wmo/7uogLxiewwRRmIax70g6q1U/YemqTGoFHlM=",
        "owner": "hercules-ci",
        "repo": "flake-parts",
        "rev": "5635c32d666a59ec9a55cab87e898889869f7b71",
        "type": "github"
      },
      "original": {
        "owner": "hercules-ci",
        "repo": "flake-parts",
        "type": "github"
      }
    },
    "flake-parts_2": {
      "inputs": {
        "nixpkgs-lib": "nixpkgs-lib_2"
      },
      "locked": {
        "lastModified": 1685662779,
        "narHash": "sha256-cKDDciXGpMEjP1n6HlzKinN0H+oLmNpgeCTzYnsA2po=",
        "owner": "hercules-ci",
        "repo": "flake-parts",
        "rev": "71fb97f0d875fd4de4994dfb849f2c75e17eb6c3",
        "type": "github"
      },
      "original": {
        "owner": "hercules-ci",
        "repo": "flake-parts",
        "type": "github"
      }
    },
    "flake-parts_3": {
      "inputs": {
        "nixpkgs-lib": "nixpkgs-lib_3"
      },
      "locked": {
        "lastModified": 1754487366,
        "narHash": "sha256-pHYj8gUBapuUzKV/kN/tR3Zvqc7o6gdFB9XKXIp1SQ8=",
        "owner": "hercules-ci",
        "repo": "flake-parts",
        "rev": "af66ad14b28a127c5c0f3bbb298218fc63528a18",
        "type": "github"
      },
      "original": {
        "owner": "hercules-ci",
        "repo": "flake-parts",
        "type": "github"
      }
    },
    "flake-utils": {
      "locked": {
        "lastModified": 1678901627,
        "narHash": "sha256-U02riOqrKKzwjsxc/400XnElV+UtPUQWpANPlyazjH0=",
        "owner": "numtide",
        "repo": "flake-utils",
        "rev": "93a2b84fc4b70d9e089d029deacc3583435c2ed6",
        "type": "github"
      },
      "original": {
        "owner": "numtide",
        "repo": "flake-utils",
        "type": "github"
      }
    },
    "flake-utils_2": {
      "locked": {
        "lastModified": 1679360468,
        "narHash": "sha256-LGnza3cfXF10Biw3ZTg0u9o9t7s680Ww200t5KkHTh8=",
        "owner": "hamishmack",
        "repo": "flake-utils",
        "rev": "e1ea268ff47ad475443dbabcd54744b4e5b9d4f5",
        "type": "github"
      },
      "original": {
        "owner": "hamishmack",
        "ref": "hkm/nested-hydraJobs",
        "repo": "flake-utils",
        "type": "github"
      }
    },
    "ghc-8.6.5-iohk": {
      "flake": false,
      "locked": {
        "lastModified": 1600920045,
        "narHash": "sha256-DO6kxJz248djebZLpSzTGD6s8WRpNI9BTwUeOf5RwY8=",
        "owner": "input-output-hk",
        "repo": "ghc",
        "rev": "95713a6ecce4551240da7c96b6176f980af75cae",
        "type": "github"
      },
      "original": {
        "owner": "input-output-hk",
        "ref": "release/8.6.5-iohk",
        "repo": "ghc",
        "type": "github"
      }
    },
    "github-webhooks": {
      "flake": false,
      "locked": {
        "lastModified": 1721004090,
        "narHash": "sha256-b1XSG3rASeYYAnS0m80W8RAHw3HVQ2zrFtQAdVCCLks=",
        "owner": "cuedo",
        "repo": "github-webhooks",
        "rev": "586cd07da027f92265dfa7a15a4d7bc201d9dec1",
        "type": "github"
      },
      "original": {
        "owner": "cuedo",
        "repo": "github-webhooks",
        "type": "github"
      }
    },
    "gitignore": {
      "inputs": {
        "nixpkgs": [
          "hyprland",
          "pre-commit-hooks",
          "nixpkgs"
        ]
      },
      "locked": {
        "lastModified": 1709087332,
        "narHash": "sha256-HG2cCnktfHsKV0s4XW83gU3F57gaTljL9KNSuG6bnQs=",
        "owner": "hercules-ci",
        "repo": "gitignore.nix",
        "rev": "637db329424fd7e46cf4185293b9cc8c88c95394",
        "type": "github"
      },
      "original": {
        "owner": "hercules-ci",
        "repo": "gitignore.nix",
        "type": "github"
      }
    },
    "hackage": {
      "flake": false,
      "locked": {
        "lastModified": 1687998569,
        "narHash": "sha256-VfTZVu2JV5z8KgPV++JAwn51gug02PDnTSnVrmt2YL8=",
        "owner": "input-output-hk",
        "repo": "hackage.nix",
        "rev": "2ef1dc1b2cac3fec82df01d8ee3fb3dd0a33815a",
        "type": "github"
      },
      "original": {
        "owner": "input-output-hk",
        "repo": "hackage.nix",
        "type": "github"
      }
    },
    "haskellNix": {
      "inputs": {
        "HTTP": "HTTP",
        "cabal-32": "cabal-32",
        "cabal-34": "cabal-34",
        "cabal-36": "cabal-36",
        "cardano-shell": "cardano-shell",
        "flake-compat": "flake-compat",
        "flake-utils": "flake-utils_2",
        "ghc-8.6.5-iohk": "ghc-8.6.5-iohk",
        "hackage": "hackage",
        "hls-1.10": "hls-1.10",
        "hls-2.0": "hls-2.0",
        "hpc-coveralls": "hpc-coveralls",
        "hydra": "hydra",
        "iserv-proxy": "iserv-proxy",
        "nixpkgs": [
          "hydra-tools",
          "haskellNix",
          "nixpkgs-unstable"
        ],
        "nixpkgs-2003": "nixpkgs-2003",
        "nixpkgs-2105": "nixpkgs-2105",
        "nixpkgs-2111": "nixpkgs-2111",
        "nixpkgs-2205": "nixpkgs-2205",
        "nixpkgs-2211": "nixpkgs-2211",
        "nixpkgs-2305": "nixpkgs-2305",
        "nixpkgs-unstable": "nixpkgs-unstable",
        "old-ghc-nix": "old-ghc-nix",
        "stackage": "stackage"
      },
      "locked": {
        "lastModified": 1687999883,
        "narHash": "sha256-4PxsyJekURUD/cZ7q0OAxfA6ZOoiton+6G1vgo9u+98=",
        "owner": "input-output-hk",
        "repo": "haskell.nix",
        "rev": "b113a4a63c54f34d49d9f5d48ba6bbd65300bfa3",
        "type": "github"
      },
      "original": {
        "owner": "input-output-hk",
        "repo": "haskell.nix",
        "type": "github"
      }
    },
    "hls-1.10": {
      "flake": false,
      "locked": {
        "lastModified": 1680000865,
        "narHash": "sha256-rc7iiUAcrHxwRM/s0ErEsSPxOR3u8t7DvFeWlMycWgo=",
        "owner": "haskell",
        "repo": "haskell-language-server",
        "rev": "b08691db779f7a35ff322b71e72a12f6e3376fd9",
        "type": "github"
      },
      "original": {
        "owner": "haskell",
        "ref": "1.10.0.0",
        "repo": "haskell-language-server",
        "type": "github"
      }
    },
    "hls-2.0": {
      "flake": false,
      "locked": {
        "lastModified": 1684398654,
        "narHash": "sha256-RW44up2BIyBBYN6tZur5f9kDDR3kr0Rd+TgPbLTfwB4=",
        "owner": "haskell",
        "repo": "haskell-language-server",
        "rev": "20c6d1e731cd9c0beef7338e2fc7a8126ba9b6fb",
        "type": "github"
      },
      "original": {
        "owner": "haskell",
        "ref": "2.0.0.0",
        "repo": "haskell-language-server",
        "type": "github"
      }
    },
    "home-manager": {
      "inputs": {
        "nixpkgs": [
          "nixpkgs"
        ]
      },
      "locked": {
        "lastModified": 1765606130,
        "narHash": "sha256-KOP4QnkiRwiD5KEOr6ceF67rfTP1OqPmCCft6xDC3k4=",
        "owner": "nix-community",
        "repo": "home-manager",
        "rev": "d787ec69c3216ea33be1c0424fe65cb23aa8fb31",
        "type": "github"
      },
      "original": {
        "owner": "nix-community",
        "repo": "home-manager",
        "type": "github"
      }
    },
    "hpc-coveralls": {
      "flake": false,
      "locked": {
        "lastModified": 1607498076,
        "narHash": "sha256-8uqsEtivphgZWYeUo5RDUhp6bO9j2vaaProQxHBltQk=",
        "owner": "sevanspowell",
        "repo": "hpc-coveralls",
        "rev": "14df0f7d229f4cd2e79f8eabb1a740097fdfa430",
        "type": "github"
      },
      "original": {
        "owner": "sevanspowell",
        "repo": "hpc-coveralls",
        "type": "github"
      }
    },
    "hydra": {
      "inputs": {
        "nix": "nix",
        "nixpkgs": [
          "hydra-tools",
          "haskellNix",
          "hydra",
          "nix",
          "nixpkgs"
        ]
      },
      "locked": {
        "lastModified": 1671755331,
        "narHash": "sha256-hXsgJj0Cy0ZiCiYdW2OdBz5WmFyOMKuw4zyxKpgUKm4=",
        "owner": "NixOS",
        "repo": "hydra",
        "rev": "f48f00ee6d5727ae3e488cbf9ce157460853fea8",
        "type": "github"
      },
      "original": {
        "id": "hydra",
        "type": "indirect"
      }
    },
    "hydra-tools": {
      "inputs": {
        "flake-parts": "flake-parts_2",
        "github-webhooks": "github-webhooks",
        "haskellNix": "haskellNix",
        "nixpkgs": [
          "hydra-tools",
          "haskellNix",
          "nixpkgs-unstable"
        ],
        "servant-github-webhook": "servant-github-webhook",
        "treefmt-nix": "treefmt-nix"
      },
      "locked": {
        "lastModified": 1766325209,
        "narHash": "sha256-5mdH+cAMNPU7ujbnOXpPTi/LKS+cFwbgj6uaQh8KZ4c=",
        "owner": "DragonHunter274",
        "repo": "hydra-tools",
        "rev": "9984f93b52538f43190b2c631d73f46fe424d1ef",
        "type": "github"
      },
      "original": {
        "owner": "DragonHunter274",
        "repo": "hydra-tools",
        "type": "github"
      }
    },
    "hyprcursor": {
      "inputs": {
        "hyprlang": [
          "hyprland",
          "hyprlang"
        ],
        "nixpkgs": [
          "hyprland",
          "nixpkgs"
        ],
        "systems": [
          "hyprland",
          "systems"
        ]
      },
      "locked": {
        "lastModified": 1753964049,
        "narHash": "sha256-lIqabfBY7z/OANxHoPeIrDJrFyYy9jAM4GQLzZ2feCM=",
        "owner": "hyprwm",
        "repo": "hyprcursor",
        "rev": "44e91d467bdad8dcf8bbd2ac7cf49972540980a5",
        "type": "github"
      },
      "original": {
        "owner": "hyprwm",
        "repo": "hyprcursor",
        "type": "github"
      }
    },
    "hyprgraphics": {
      "inputs": {
        "hyprutils": [
          "hyprland",
          "hyprutils"
        ],
        "nixpkgs": [
          "hyprland",
          "nixpkgs"
        ],
        "systems": [
          "hyprland",
          "systems"
        ]
      },
      "locked": {
        "lastModified": 1758572180,
        "narHash": "sha256-Is8Rcp99Ynl3JFcU3k2lsmyf8WGacWKZtnVb0mVIZ6M=",
        "owner": "hyprwm",
        "repo": "hyprgraphics",
        "rev": "32e6b8386f7dc70a4cc01607a826a281f3c52364",
        "type": "github"
      },
      "original": {
        "owner": "hyprwm",
        "repo": "hyprgraphics",
        "type": "github"
      }
    },
    "hyprgraphics_2": {
      "inputs": {
        "hyprutils": [
          "hyprlock",
          "hyprutils"
        ],
        "nixpkgs": [
          "hyprlock",
          "nixpkgs"
        ],
        "systems": [
          "hyprlock",
          "systems"
        ]
      },
      "locked": {
        "lastModified": 1763733840,
        "narHash": "sha256-JnET78yl5RvpGuDQy3rCycOCkiKoLr5DN1fPhRNNMco=",
        "owner": "hyprwm",
        "repo": "hyprgraphics",
        "rev": "8f1bec691b2d198c60cccabca7a94add2df4ed1a",
        "type": "github"
      },
      "original": {
        "owner": "hyprwm",
        "repo": "hyprgraphics",
        "type": "github"
      }
    },
    "hyprland": {
      "inputs": {
        "aquamarine": "aquamarine",
        "hyprcursor": "hyprcursor",
        "hyprgraphics": "hyprgraphics",
        "hyprland-protocols": "hyprland-protocols",
        "hyprland-qtutils": "hyprland-qtutils",
        "hyprlang": "hyprlang",
        "hyprutils": "hyprutils",
        "hyprwayland-scanner": "hyprwayland-scanner",
        "nixpkgs": "nixpkgs_3",
        "pre-commit-hooks": "pre-commit-hooks",
        "systems": "systems",
        "xdph": "xdph"
      },
      "locked": {
        "lastModified": 1758574443,
        "narHash": "sha256-eLU5Zo1L3IFr8LgOsvTcoYW04/K+Sb8OvpwbaTSTGF4=",
        "owner": "hyprwm",
        "repo": "Hyprland",
        "rev": "71a1216abcc7031776630a6d88f105605c4dc1c9",
        "type": "github"
      },
      "original": {
        "owner": "hyprwm",
        "repo": "Hyprland",
        "rev": "71a1216abcc7031776630a6d88f105605c4dc1c9",
        "type": "github"
      }
    },
    "hyprland-protocols": {
      "inputs": {
        "nixpkgs": [
          "hyprland",
          "nixpkgs"
        ],
        "systems": [
          "hyprland",
          "systems"
        ]
      },
      "locked": {
        "lastModified": 1749046714,
        "narHash": "sha256-kymV5FMnddYGI+UjwIw8ceDjdeg7ToDVjbHCvUlhn14=",
        "owner": "hyprwm",
        "repo": "hyprland-protocols",
        "rev": "613878cb6f459c5e323aaafe1e6f388ac8a36330",
        "type": "github"
      },
      "original": {
        "owner": "hyprwm",
        "repo": "hyprland-protocols",
        "type": "github"
      }
    },
    "hyprland-qt-support": {
      "inputs": {
        "hyprlang": [
          "hyprland",
          "hyprland-qtutils",
          "hyprlang"
        ],
        "nixpkgs": [
          "hyprland",
          "hyprland-qtutils",
          "nixpkgs"
        ],
        "systems": [
          "hyprland",
          "hyprland-qtutils",
          "systems"
        ]
      },
      "locked": {
        "lastModified": 1749154592,
        "narHash": "sha256-DO7z5CeT/ddSGDEnK9mAXm1qlGL47L3VAHLlLXoCjhE=",
        "owner": "hyprwm",
        "repo": "hyprland-qt-support",
        "rev": "4c8053c3c888138a30c3a6c45c2e45f5484f2074",
        "type": "github"
      },
      "original": {
        "owner": "hyprwm",
        "repo": "hyprland-qt-support",
        "type": "github"
      }
    },
    "hyprland-qtutils": {
      "inputs": {
        "hyprland-qt-support": "hyprland-qt-support",
        "hyprlang": [
          "hyprland",
          "hyprlang"
        ],
        "hyprutils": [
          "hyprland",
          "hyprland-qtutils",
          "hyprlang",
          "hyprutils"
        ],
        "nixpkgs": [
          "hyprland",
          "nixpkgs"
        ],
        "systems": [
          "hyprland",
          "systems"
        ]
      },
      "locked": {
        "lastModified": 1757694755,
        "narHash": "sha256-j+w5QUUr2QT/jkxgVKecGYV8J7fpzXCMgzEEr6LG9ug=",
        "owner": "hyprwm",
        "repo": "hyprland-qtutils",
        "rev": "5ffdfc13ed03df1dae5084468d935f0a3f2c9a4c",
        "type": "github"
      },
      "original": {
        "owner": "hyprwm",
        "repo": "hyprland-qtutils",
        "type": "github"
      }
    },
    "hyprlang": {
      "inputs": {
        "hyprutils": [
          "hyprland",
          "hyprutils"
        ],
        "nixpkgs": [
          "hyprland",
          "nixpkgs"
        ],
        "systems": [
          "hyprland",
          "systems"
        ]
      },
      "locked": {
        "lastModified": 1756810301,
        "narHash": "sha256-wgZ3VW4VVtjK5dr0EiK9zKdJ/SOqGIBXVG85C3LVxQA=",
        "owner": "hyprwm",
        "repo": "hyprlang",
        "rev": "3d63fb4a42c819f198deabd18c0c2c1ded1de931",
        "type": "github"
      },
      "original": {
        "owner": "hyprwm",
        "repo": "hyprlang",
        "type": "github"
      }
    },
    "hyprlang_2": {
      "inputs": {
        "hyprutils": [
          "hyprlock",
          "hyprutils"
        ],
        "nixpkgs": [
          "hyprlock",
          "nixpkgs"
        ],
        "systems": [
          "hyprlock",
          "systems"
        ]
      },
      "locked": {
        "lastModified": 1764612430,
        "narHash": "sha256-54ltTSbI6W+qYGMchAgCR6QnC1kOdKXN6X6pJhOWxFg=",
        "owner": "hyprwm",
        "repo": "hyprlang",
        "rev": "0d00dc118981531aa731150b6ea551ef037acddd",
        "type": "github"
      },
      "original": {
        "owner": "hyprwm",
        "repo": "hyprlang",
        "type": "github"
      }
    },
    "hyprlock": {
      "inputs": {
        "hyprgraphics": "hyprgraphics_2",
        "hyprlang": "hyprlang_2",
        "hyprutils": "hyprutils_2",
        "hyprwayland-scanner": "hyprwayland-scanner_2",
        "nixpkgs": "nixpkgs_4",
        "systems": "systems_2"
      },
      "locked": {
        "lastModified": 1765358139,
        "narHash": "sha256-1hIq5gSfV0xc7gaBQDVk3XPv47vjhlc8qbAskOqT4b0=",
        "owner": "hyprwm",
        "repo": "hyprlock",
        "rev": "e2da7c6b1fceee9358229a3b5ca48127cd2c427c",
        "type": "github"
      },
      "original": {
        "owner": "hyprwm",
        "repo": "hyprlock",
        "type": "github"
      }
    },
    "hyprutils": {
      "inputs": {
        "nixpkgs": [
          "hyprland",
          "nixpkgs"
        ],
        "systems": [
          "hyprland",
          "systems"
        ]
      },
      "locked": {
        "lastModified": 1756117388,
        "narHash": "sha256-oRDel6pNl/T2tI+nc/USU9ZP9w08dxtl7hiZxa0C/Wc=",
        "owner": "hyprwm",
        "repo": "hyprutils",
        "rev": "b2ae3204845f5f2f79b4703b441252d8ad2ecfd0",
        "type": "github"
      },
      "original": {
        "owner": "hyprwm",
        "repo": "hyprutils",
        "type": "github"
      }
    },
    "hyprutils_2": {
      "inputs": {
        "nixpkgs": [
          "hyprlock",
          "nixpkgs"
        ],
        "systems": [
          "hyprlock",
          "systems"
        ]
      },
      "locked": {
        "lastModified": 1764962281,
        "narHash": "sha256-rGbEMhTTyTzw4iyz45lch5kXseqnqcEpmrHdy+zHsfo=",
        "owner": "hyprwm",
        "repo": "hyprutils",
        "rev": "fe686486ac867a1a24f99c753bb40ffed338e4b0",
        "type": "github"
      },
      "original": {
        "owner": "hyprwm",
        "repo": "hyprutils",
        "type": "github"
      }
    },
    "hyprwayland-scanner": {
      "inputs": {
        "nixpkgs": [
          "hyprland",
          "nixpkgs"
        ],
        "systems": [
          "hyprland",
          "systems"
        ]
      },
      "locked": {
        "lastModified": 1755184602,
        "narHash": "sha256-RCBQN8xuADB0LEgaKbfRqwm6CdyopE1xIEhNc67FAbw=",
        "owner": "hyprwm",
        "repo": "hyprwayland-scanner",
        "rev": "b3b0f1f40ae09d4447c20608e5a4faf8bf3c492d",
        "type": "github"
      },
      "original": {
        "owner": "hyprwm",
        "repo": "hyprwayland-scanner",
        "type": "github"
      }
    },
    "hyprwayland-scanner_2": {
      "inputs": {
        "nixpkgs": [
          "hyprlock",
          "nixpkgs"
        ],
        "systems": [
          "hyprlock",
          "systems"
        ]
      },
      "locked": {
        "lastModified": 1763640274,
        "narHash": "sha256-Uan1Nl9i4TF/kyFoHnTq1bd/rsWh4GAK/9/jDqLbY5A=",
        "owner": "hyprwm",
        "repo": "hyprwayland-scanner",
        "rev": "f6cf414ca0e16a4d30198fd670ec86df3c89f671",
        "type": "github"
      },
      "original": {
        "owner": "hyprwm",
        "repo": "hyprwayland-scanner",
        "type": "github"
      }
    },
    "iserv-proxy": {
      "flake": false,
      "locked": {
        "lastModified": 1670983692,
        "narHash": "sha256-avLo34JnI9HNyOuauK5R69usJm+GfW3MlyGlYxZhTgY=",
        "ref": "hkm/remote-iserv",
        "rev": "50d0abb3317ac439a4e7495b185a64af9b7b9300",
        "revCount": 10,
        "type": "git",
        "url": "https://gitlab.haskell.org/hamishmack/iserv-proxy.git"
      },
      "original": {
        "ref": "hkm/remote-iserv",
        "type": "git",
        "url": "https://gitlab.haskell.org/hamishmack/iserv-proxy.git"
      }
    },
    "lowdown-src": {
      "flake": false,
      "locked": {
        "lastModified": 1633514407,
        "narHash": "sha256-Dw32tiMjdK9t3ETl5fzGrutQTzh2rufgZV4A/BbxuD4=",
        "owner": "kristapsdz",
        "repo": "lowdown",
        "rev": "d2c2b44ff6c27b936ec27358a2653caaef8f73b8",
        "type": "github"
      },
      "original": {
        "owner": "kristapsdz",
        "repo": "lowdown",
        "type": "github"
      }
    },
    "makemkv": {
      "locked": {
        "lastModified": 1740506727,
        "narHash": "sha256-uGml1J17Kt2N9YN+4CTa9+WagXhOPYNlMZPg8efRklI=",
        "owner": "NixOS",
        "repo": "nixpkgs",
        "rev": "cf9c59527b042f4502a7b4ea5b484bfbc4e5c6ca",
        "type": "github"
      },
      "original": {
        "id": "nixpkgs",
        "rev": "cf9c59527b042f4502a7b4ea5b484bfbc4e5c6ca",
        "type": "indirect"
      }
    },
    "nix": {
      "inputs": {
        "lowdown-src": "lowdown-src",
        "nixpkgs": "nixpkgs_2",
        "nixpkgs-regression": "nixpkgs-regression"
      },
      "locked": {
        "lastModified": 1661606874,
        "narHash": "sha256-9+rpYzI+SmxJn+EbYxjGv68Ucp22bdFUSy/4LkHkkDQ=",
        "owner": "NixOS",
        "repo": "nix",
        "rev": "11e45768b34fdafdcf019ddbd337afa16127ff0f",
        "type": "github"
      },
      "original": {
        "owner": "NixOS",
        "ref": "2.11.0",
        "repo": "nix",
        "type": "github"
      }
    },
    "nix-netboot-serve": {
      "inputs": {
        "cpiotools": "cpiotools",
        "nixpkgs": "nixpkgs_6"
      },
      "locked": {
        "lastModified": 1744214515,
        "narHash": "sha256-XueuAP5aXurdTHGyoqCsDJaL7EYLsq2t65UA1W1KjZQ=",
        "owner": "DeterminateSystems",
        "repo": "nix-netboot-serve",
        "rev": "d3b73862ee92b56b71cfc0445e3eefe6254f0408",
        "type": "github"
      },
      "original": {
        "owner": "DeterminateSystems",
        "repo": "nix-netboot-serve",
        "type": "github"
      }
    },
    "nixos-06cb-009a-fingerprint-sensor": {
      "inputs": {
        "nixpkgs": [
          "nixpkgs-23-11"
        ]
      },
      "locked": {
        "lastModified": 1734692513,
        "narHash": "sha256-3QEzFFrkXLj/JgZGoLaxq/pPkflSXfBOP10bXL8/Niw=",
        "owner": "ahbnr",
        "repo": "nixos-06cb-009a-fingerprint-sensor",
        "rev": "3678b193efa1e06aab86058aecee18ddaa8878d2",
        "type": "github"
      },
      "original": {
        "owner": "ahbnr",
        "repo": "nixos-06cb-009a-fingerprint-sensor",
        "type": "github"
      }
    },
    "nixos-hardware": {
      "locked": {
        "lastModified": 1764440730,
        "narHash": "sha256-ZlJTNLUKQRANlLDomuRWLBCH5792x+6XUJ4YdFRjtO4=",
        "owner": "NixOS",
        "repo": "nixos-hardware",
        "rev": "9154f4569b6cdfd3c595851a6ba51bfaa472d9f3",
        "type": "github"
      },
      "original": {
        "owner": "NixOS",
        "ref": "master",
        "repo": "nixos-hardware",
        "type": "github"
      }
    },
    "nixpkgs": {
      "locked": {
        "lastModified": 1748162331,
        "narHash": "sha256-rqc2RKYTxP3tbjA+PB3VMRQNnjesrT0pEofXQTrMsS8=",
        "owner": "NixOS",
        "repo": "nixpkgs",
        "rev": "7c43f080a7f28b2774f3b3f43234ca11661bf334",
        "type": "github"
      },
      "original": {
        "id": "nixpkgs",
        "ref": "nixos-25.05",
        "type": "indirect"
      }
    },
    "nixpkgs-2003": {
      "locked": {
        "lastModified": 1620055814,
        "narHash": "sha256-8LEHoYSJiL901bTMVatq+rf8y7QtWuZhwwpKE2fyaRY=",
        "owner": "NixOS",
        "repo": "nixpkgs",
        "rev": "1db42b7fe3878f3f5f7a4f2dc210772fd080e205",
        "type": "github"
      },
      "original": {
        "owner": "NixOS",
        "ref": "nixpkgs-20.03-darwin",
        "repo": "nixpkgs",
        "type": "github"
      }
    },
    "nixpkgs-2105": {
      "locked": {
        "lastModified": 1659914493,
        "narHash": "sha256-lkA5X3VNMKirvA+SUzvEhfA7XquWLci+CGi505YFAIs=",
        "owner": "NixOS",
        "repo": "nixpkgs",
        "rev": "022caabb5f2265ad4006c1fa5b1ebe69fb0c3faf",
        "type": "github"
      },
      "original": {
        "owner": "NixOS",
        "ref": "nixpkgs-21.05-darwin",
        "repo": "nixpkgs",
        "type": "github"
      }
    },
    "nixpkgs-2111": {
      "locked": {
        "lastModified": 1659446231,
        "narHash": "sha256-hekabNdTdgR/iLsgce5TGWmfIDZ86qjPhxDg/8TlzhE=",
        "owner": "NixOS",
        "repo": "nixpkgs",
        "rev": "eabc38219184cc3e04a974fe31857d8e0eac098d",
        "type": "github"
      },
      "original": {
        "owner": "NixOS",
        "ref": "nixpkgs-21.11-darwin",
        "repo": "nixpkgs",
        "type": "github"
      }
    },
    "nixpkgs-2205": {
      "locked": {
        "lastModified": 1682600000,
        "narHash": "sha256-ha4BehR1dh8EnXSoE1m/wyyYVvHI9txjW4w5/oxsW5Y=",
        "owner": "NixOS",
        "repo": "nixpkgs",
        "rev": "50fc86b75d2744e1ab3837ef74b53f103a9b55a0",
        "type": "github"
      },
      "original": {
        "owner": "NixOS",
        "ref": "nixpkgs-22.05-darwin",
        "repo": "nixpkgs",
        "type": "github"
      }
    },
    "nixpkgs-2211": {
      "locked": {
        "lastModified": 1685314633,
        "narHash": "sha256-8LXBPqTQXl5ofkjpJ18JcbmLJ/lWDoMxtUwiDYv0wro=",
        "owner": "NixOS",
        "repo": "nixpkgs",
        "rev": "c8a17ce7abc03c50cd072e9e6c9b389c5f61836b",
        "type": "github"
      },
      "original": {
        "owner": "NixOS",
        "ref": "nixpkgs-22.11-darwin",
        "repo": "nixpkgs",
        "type": "github"
      }
    },
    "nixpkgs-23-11": {
      "locked": {
        "lastModified": 1720535198,
        "narHash": "sha256-zwVvxrdIzralnSbcpghA92tWu2DV2lwv89xZc8MTrbg=",
        "owner": "NixOS",
        "repo": "nixpkgs",
        "rev": "205fd4226592cc83fd4c0885a3e4c9c400efabb5",
        "type": "github"
      },
      "original": {
        "id": "nixpkgs",
        "ref": "nixos-23.11",
        "type": "indirect"
      }
    },
    "nixpkgs-2305": {
      "locked": {
        "lastModified": 1685338297,
        "narHash": "sha256-+Aq4O0Jn1W1q927ZHc3Zn6RO7bwQGmb6O8xYoGy0KrM=",
        "owner": "NixOS",
        "repo": "nixpkgs",
        "rev": "6287b47dbfabbb8bfbb9b1b53d198ad58a774de4",
        "type": "github"
      },
      "original": {
        "owner": "NixOS",
        "ref": "nixpkgs-23.05-darwin",
        "repo": "nixpkgs",
        "type": "github"
      }
    },
    "nixpkgs-24-05": {
      "locked": {
        "lastModified": 1735563628,
        "narHash": "sha256-OnSAY7XDSx7CtDoqNh8jwVwh4xNL/2HaJxGjryLWzX8=",
        "owner": "NixOS",
        "repo": "nixpkgs",
        "rev": "b134951a4c9f3c995fd7be05f3243f8ecd65d798",
        "type": "github"
      },
      "original": {
        "id": "nixpkgs",
        "ref": "nixos-24.05",
        "type": "indirect"
      }
    },
    "nixpkgs-25-05": {
      "locked": {
        "lastModified": 1765363881,
        "narHash": "sha256-3C3xWn8/2Zzr7sxVBmpc1H1QfxjNfta5IMFe3O9ZEPw=",
        "owner": "NixOS",
        "repo": "nixpkgs",
        "rev": "d2b1213bf5ec5e62d96b003ab4b5cbc42abfc0d0",
        "type": "github"
      },
      "original": {
        "id": "nixpkgs",
        "ref": "nixos-25.05",
        "type": "indirect"
      }
    },
    "nixpkgs-lib": {
      "locked": {
        "lastModified": 1761765539,
        "narHash": "sha256-b0yj6kfvO8ApcSE+QmA6mUfu8IYG6/uU28OFn4PaC8M=",
        "owner": "nix-community",
        "repo": "nixpkgs.lib",
        "rev": "719359f4562934ae99f5443f20aa06c2ffff91fc",
        "type": "github"
      },
      "original": {
        "owner": "nix-community",
        "repo": "nixpkgs.lib",
        "type": "github"
      }
    },
    "nixpkgs-lib_2": {
      "locked": {
        "dir": "lib",
        "lastModified": 1685564631,
        "narHash": "sha256-8ywr3AkblY4++3lIVxmrWZFzac7+f32ZEhH/A8pNscI=",
        "owner": "NixOS",
        "repo": "nixpkgs",
        "rev": "4f53efe34b3a8877ac923b9350c874e3dcd5dc0a",
        "type": "github"
      },
      "original": {
        "dir": "lib",
        "owner": "NixOS",
        "ref": "nixos-unstable",
        "repo": "nixpkgs",
        "type": "github"
      }
    },
    "nixpkgs-lib_3": {
      "locked": {
        "lastModified": 1753579242,
        "narHash": "sha256-zvaMGVn14/Zz8hnp4VWT9xVnhc8vuL3TStRqwk22biA=",
        "owner": "nix-community",
        "repo": "nixpkgs.lib",
        "rev": "0f36c44e01a6129be94e3ade315a5883f0228a6e",
        "type": "github"
      },
      "original": {
        "owner": "nix-community",
        "repo": "nixpkgs.lib",
        "type": "github"
      }
    },
    "nixpkgs-regression": {
      "locked": {
        "lastModified": 1643052045,
        "narHash": "sha256-uGJ0VXIhWKGXxkeNnq4TvV3CIOkUJ3PAoLZ3HMzNVMw=",
        "owner": "NixOS",
        "repo": "nixpkgs",
        "rev": "215d4d0fd80ca5163643b03a33fde804a29cc1e2",
        "type": "github"
      },
      "original": {
        "owner": "NixOS",
        "repo": "nixpkgs",
        "rev": "215d4d0fd80ca5163643b03a33fde804a29cc1e2",
        "type": "github"
      }
    },
    "nixpkgs-unstable": {
      "locked": {
        "lastModified": 1685347552,
        "narHash": "sha256-9woSppRyUFo26yUffORTzttJ+apOt8MmCv6RxpPNTU4=",
        "owner": "NixOS",
        "repo": "nixpkgs",
        "rev": "f2f1ec390714d303cf84ba086e34e45b450dd8c4",
        "type": "github"
      },
      "original": {
        "owner": "NixOS",
        "ref": "nixpkgs-unstable",
        "repo": "nixpkgs",
        "type": "github"
      }
    },
    "nixpkgs_10": {
      "locked": {
        "lastModified": 1764947035,
        "narHash": "sha256-EYHSjVM4Ox4lvCXUMiKKs2vETUSL5mx+J2FfutM7T9w=",
        "owner": "NixOS",
        "repo": "nixpkgs",
        "rev": "a672be65651c80d3f592a89b3945466584a22069",
        "type": "github"
      },
      "original": {
        "owner": "NixOS",
        "ref": "nixpkgs-unstable",
        "repo": "nixpkgs",
        "type": "github"
      }
    },
    "nixpkgs_11": {
      "locked": {
        "lastModified": 1756217674,
        "narHash": "sha256-TH1SfSP523QI7kcPiNtMAEuwZR3Jdz0MCDXPs7TS8uo=",
        "owner": "nixos",
        "repo": "nixpkgs",
        "rev": "4e7667a90c167f7a81d906e5a75cba4ad8bee620",
        "type": "github"
      },
      "original": {
        "owner": "nixos",
        "ref": "nixos-25.05",
        "repo": "nixpkgs",
        "type": "github"
      }
    },
    "nixpkgs_12": {
      "locked": {
        "lastModified": 1754340878,
        "narHash": "sha256-lgmUyVQL9tSnvvIvBp7x1euhkkCho7n3TMzgjdvgPoU=",
        "owner": "nixos",
        "repo": "nixpkgs",
        "rev": "cab778239e705082fe97bb4990e0d24c50924c04",
        "type": "github"
      },
      "original": {
        "owner": "nixos",
        "ref": "nixpkgs-unstable",
        "repo": "nixpkgs",
        "type": "github"
      }
    },
    "nixpkgs_2": {
      "locked": {
        "lastModified": 1657693803,
        "narHash": "sha256-G++2CJ9u0E7NNTAi9n5G8TdDmGJXcIjkJ3NF8cetQB8=",
        "owner": "NixOS",
        "repo": "nixpkgs",
        "rev": "365e1b3a859281cf11b94f87231adeabbdd878a2",
        "type": "github"
      },
      "original": {
        "owner": "NixOS",
        "ref": "nixos-22.05-small",
        "repo": "nixpkgs",
        "type": "github"
      }
    },
    "nixpkgs_3": {
      "locked": {
        "lastModified": 1758277210,
        "narHash": "sha256-iCGWf/LTy+aY0zFu8q12lK8KuZp7yvdhStehhyX1v8w=",
        "owner": "NixOS",
        "repo": "nixpkgs",
        "rev": "8eaee110344796db060382e15d3af0a9fc396e0e",
        "type": "github"
      },
      "original": {
        "owner": "NixOS",
        "ref": "nixos-unstable",
        "repo": "nixpkgs",
        "type": "github"
      }
    },
    "nixpkgs_4": {
      "locked": {
        "lastModified": 1765186076,
        "narHash": "sha256-hM20uyap1a0M9d344I692r+ik4gTMyj60cQWO+hAYP8=",
        "owner": "NixOS",
        "repo": "nixpkgs",
        "rev": "addf7cf5f383a3101ecfba091b98d0a1263dc9b8",
        "type": "github"
      },
      "original": {
        "owner": "NixOS",
        "ref": "nixos-unstable",
        "repo": "nixpkgs",
        "type": "github"
      }
    },
    "nixpkgs_5": {
      "locked": {
        "lastModified": 1655567057,
        "narHash": "sha256-Cc5hQSMsTzOHmZnYm8OSJ5RNUp22bd5NADWLHorULWQ=",
        "owner": "nixos",
        "repo": "nixpkgs",
        "rev": "e0a42267f73ea52adc061a64650fddc59906fc99",
        "type": "github"
      },
      "original": {
        "owner": "nixos",
        "ref": "nixos-unstable",
        "repo": "nixpkgs",
        "type": "github"
      }
    },
    "nixpkgs_6": {
      "locked": {
        "lastModified": 1702312524,
        "narHash": "sha256-gkZJRDBUCpTPBvQk25G0B7vfbpEYM5s5OZqghkjZsnE=",
        "owner": "nixos",
        "repo": "nixpkgs",
        "rev": "a9bf124c46ef298113270b1f84a164865987a91c",
        "type": "github"
      },
      "original": {
        "owner": "nixos",
        "ref": "nixos-unstable",
        "repo": "nixpkgs",
        "type": "github"
      }
    },
    "nixpkgs_7": {
      "locked": {
        "lastModified": 1765472234,
        "narHash": "sha256-9VvC20PJPsleGMewwcWYKGzDIyjckEz8uWmT0vCDYK0=",
        "owner": "NixOS",
        "repo": "nixpkgs",
        "rev": "2fbfb1d73d239d2402a8fe03963e37aab15abe8b",
        "type": "github"
      },
      "original": {
        "id": "nixpkgs",
        "ref": "nixos-unstable",
        "type": "indirect"
      }
    },
    "nixpkgs_8": {
      "locked": {
        "lastModified": 1757746433,
        "narHash": "sha256-fEvTiU4s9lWgW7mYEU/1QUPirgkn+odUBTaindgiziY=",
        "owner": "NixOS",
        "repo": "nixpkgs",
        "rev": "6d7ec06d6868ac6d94c371458fc2391ded9ff13d",
        "type": "github"
      },
      "original": {
        "owner": "NixOS",
        "ref": "nixpkgs-unstable",
        "repo": "nixpkgs",
        "type": "github"
      }
    },
    "nixpkgs_9": {
      "locked": {
        "lastModified": 1719082008,
        "narHash": "sha256-jHJSUH619zBQ6WdC21fFAlDxHErKVDJ5fpN0Hgx4sjs=",
        "owner": "NixOS",
        "repo": "nixpkgs",
        "rev": "9693852a2070b398ee123a329e68f0dab5526681",
        "type": "github"
      },
      "original": {
        "owner": "NixOS",
        "ref": "nixos-unstable-small",
        "repo": "nixpkgs",
        "type": "github"
      }
    },
    "nur": {
      "inputs": {
        "nixpkgs": "nixpkgs_8"
      },
      "locked": {
        "lastModified": 1763394019,
        "narHash": "sha256-OWevXrv7NS9VQRk5ukd7Eq/Rs8aH4T5AP1j3ICHRGRU=",
        "owner": "dragonhunter274",
        "repo": "nur-packages",
        "rev": "4ef4ca877aab2d1d29de3c07a5f3f8aaf53fd228",
        "type": "github"
      },
      "original": {
        "owner": "dragonhunter274",
        "repo": "nur-packages",
        "type": "github"
      }
    },
    "old-ghc-nix": {
      "flake": false,
      "locked": {
        "lastModified": 1631092763,
        "narHash": "sha256-sIKgO+z7tj4lw3u6oBZxqIhDrzSkvpHtv0Kki+lh9Fg=",
        "owner": "angerman",
        "repo": "old-ghc-nix",
        "rev": "af48a7a7353e418119b6dfe3cd1463a657f342b8",
        "type": "github"
      },
      "original": {
        "owner": "angerman",
        "ref": "master",
        "repo": "old-ghc-nix",
        "type": "github"
      }
    },
    "pre-commit-hooks": {
      "inputs": {
        "flake-compat": "flake-compat_2",
        "gitignore": "gitignore",
        "nixpkgs": [
          "hyprland",
          "nixpkgs"
        ]
      },
      "locked": {
        "lastModified": 1758108966,
        "narHash": "sha256-ytw7ROXaWZ7OfwHrQ9xvjpUWeGVm86pwnEd1QhzawIo=",
        "owner": "cachix",
        "repo": "git-hooks.nix",
        "rev": "54df955a695a84cd47d4a43e08e1feaf90b1fd9b",
        "type": "github"
      },
      "original": {
        "owner": "cachix",
        "repo": "git-hooks.nix",
        "type": "github"
      }
    },
    "pyprland": {
      "inputs": {
        "flake-compat": "flake-compat_3",
        "nixpkgs": "nixpkgs_9",
        "pyproject-nix": "pyproject-nix",
        "systems": "systems_3"
      },
      "locked": {
        "lastModified": 1765669319,
        "narHash": "sha256-f3FhkR2asMKK7kckXMWl8Un0hd7A3hZtsviZrBTqzEo=",
        "owner": "DragonHunter274",
        "repo": "pyprland",
        "rev": "45290b765781eddbd7644435c7cd31c4c72c6f31",
        "type": "github"
      },
      "original": {
        "owner": "DragonHunter274",
        "ref": "fix-nix-flake",
        "repo": "pyprland",
        "type": "github"
      }
    },
    "pyproject-nix": {
      "inputs": {
        "nixpkgs": [
          "pyprland",
          "nixpkgs"
        ]
      },
      "locked": {
        "lastModified": 1764134915,
        "narHash": "sha256-xaKvtPx6YAnA3HQVp5LwyYG1MaN4LLehpQI8xEdBvBY=",
        "owner": "nix-community",
        "repo": "pyproject.nix",
        "rev": "2c8df1383b32e5443c921f61224b198a2282a657",
        "type": "github"
      },
      "original": {
        "owner": "nix-community",
        "repo": "pyproject.nix",
        "type": "github"
      }
    },
    "root": {
      "inputs": {
        "comin": "comin",
        "copyparty": "copyparty",
        "disko": "disko",
        "flake-parts": "flake-parts",
        "home-manager": "home-manager",
        "hydra-tools": "hydra-tools",
        "hyprland": "hyprland",
        "hyprlock": "hyprlock",
        "makemkv": "makemkv",
        "nix-netboot-serve": "nix-netboot-serve",
        "nixos-06cb-009a-fingerprint-sensor": "nixos-06cb-009a-fingerprint-sensor",
        "nixos-hardware": "nixos-hardware",
        "nixpkgs": "nixpkgs_7",
        "nixpkgs-23-11": "nixpkgs-23-11",
        "nixpkgs-24-05": "nixpkgs-24-05",
        "nixpkgs-25-05": "nixpkgs-25-05",
        "nur": "nur",
        "pyprland": "pyprland",
        "sops-nix": "sops-nix",
        "termfilepickers": "termfilepickers"
      }
    },
    "servant-github-webhook": {
      "flake": false,
      "locked": {
        "lastModified": 1652735229,
        "narHash": "sha256-EPOgXvszheJVsR+/JNzjqL7za/2GzBj6lKb/qcEWnFs=",
        "owner": "input-output-hk",
        "repo": "servant-github-webhook",
        "rev": "9418ceed4b962368d90079143987e1fc67d27b31",
        "type": "github"
      },
      "original": {
        "owner": "input-output-hk",
        "repo": "servant-github-webhook",
        "type": "github"
      }
    },
    "sops-nix": {
      "inputs": {
        "nixpkgs": "nixpkgs_10"
      },
      "locked": {
        "lastModified": 1765553226,
        "narHash": "sha256-Ii16Nq5jL2wURXpV3D3tOM3vPpbKh18roHLkyZCHK4Q=",
        "owner": "Mic92",
        "repo": "sops-nix",
        "rev": "496a6f625f63b780ce849891868f2fad22fd49c6",
        "type": "github"
      },
      "original": {
        "owner": "Mic92",
        "repo": "sops-nix",
        "type": "github"
      }
    },
    "stackage": {
      "flake": false,
      "locked": {
        "lastModified": 1687911052,
        "narHash": "sha256-iWrKX6JfcN1+uUQimaFXzvLwj3tLMvWTwf0zqflCf1s=",
        "owner": "input-output-hk",
        "repo": "stackage.nix",
        "rev": "8e758d849bd7cf8c423d9f9308a9c1b5f56c286c",
        "type": "github"
      },
      "original": {
        "owner": "input-output-hk",
        "repo": "stackage.nix",
        "type": "github"
      }
    },
    "systems": {
      "locked": {
        "lastModified": 1689347949,
        "narHash": "sha256-12tWmuL2zgBgZkdoB6qXZsgJEH9LR3oUgpaQq2RbI80=",
        "owner": "nix-systems",
        "repo": "default-linux",
        "rev": "31732fcf5e8fea42e59c2488ad31a0e651500f68",
        "type": "github"
      },
      "original": {
        "owner": "nix-systems",
        "repo": "default-linux",
        "type": "github"
      }
    },
    "systems_2": {
      "locked": {
        "lastModified": 1689347949,
        "narHash": "sha256-12tWmuL2zgBgZkdoB6qXZsgJEH9LR3oUgpaQq2RbI80=",
        "owner": "nix-systems",
        "repo": "default-linux",
        "rev": "31732fcf5e8fea42e59c2488ad31a0e651500f68",
        "type": "github"
      },
      "original": {
        "owner": "nix-systems",
        "repo": "default-linux",
        "type": "github"
      }
    },
    "systems_3": {
      "locked": {
        "lastModified": 1689347949,
        "narHash": "sha256-12tWmuL2zgBgZkdoB6qXZsgJEH9LR3oUgpaQq2RbI80=",
        "owner": "nix-systems",
        "repo": "default-linux",
        "rev": "31732fcf5e8fea42e59c2488ad31a0e651500f68",
        "type": "github"
      },
      "original": {
        "owner": "nix-systems",
        "repo": "default-linux",
        "type": "github"
      }
    },
    "termfilepickers": {
      "inputs": {
        "flake-parts": "flake-parts_3",
        "nixpkgs": "nixpkgs_11",
        "treefmt-nix": "treefmt-nix_2"
      },
      "locked": {
        "lastModified": 1756390784,
        "narHash": "sha256-2WpiPTJp3hgSzViiZmp8k405xDl7m70fQ8TsZykSr+I=",
        "owner": "guekka",
        "repo": "xdg-desktop-portal-termfilepickers",
        "rev": "195ba6bb4a4f0224b0e749f2198fc88696be6383",
        "type": "github"
      },
      "original": {
        "owner": "guekka",
        "repo": "xdg-desktop-portal-termfilepickers",
        "type": "github"
      }
    },
    "treefmt-nix": {
      "inputs": {
        "nixpkgs": [
          "hydra-tools",
          "nixpkgs"
        ]
      },
      "locked": {
        "lastModified": 1685519364,
        "narHash": "sha256-rE9c9jWDSc5Nj0OjNzBENaJ6j4YBphcqSPia2IwCMLA=",
        "owner": "numtide",
        "repo": "treefmt-nix",
        "rev": "6521a278bcba66b440554cc1350403594367b4ac",
        "type": "github"
      },
      "original": {
        "owner": "numtide",
        "repo": "treefmt-nix",
        "type": "github"
      }
    },
    "treefmt-nix_2": {
      "inputs": {
        "nixpkgs": "nixpkgs_12"
      },
      "locked": {
        "lastModified": 1755934250,
        "narHash": "sha256-CsDojnMgYsfshQw3t4zjRUkmMmUdZGthl16bXVWgRYU=",
        "owner": "numtide",
        "repo": "treefmt-nix",
        "rev": "74e1a52d5bd9430312f8d1b8b0354c92c17453e5",
        "type": "github"
      },
      "original": {
        "owner": "numtide",
        "repo": "treefmt-nix",
        "type": "github"
      }
    },
    "xdph": {
      "inputs": {
        "hyprland-protocols": [
          "hyprland",
          "hyprland-protocols"
        ],
        "hyprlang": [
          "hyprland",
          "hyprlang"
        ],
        "hyprutils": [
          "hyprland",
          "hyprutils"
        ],
        "hyprwayland-scanner": [
          "hyprland",
          "hyprwayland-scanner"
        ],
        "nixpkgs": [
          "hyprland",
          "nixpkgs"
        ],
        "systems": [
          "hyprland",
          "systems"
        ]
      },
      "locked": {
        "lastModified": 1755354946,
        "narHash": "sha256-zdov5f/GcoLQc9qYIS1dUTqtJMeDqmBmo59PAxze6e4=",
        "owner": "hyprwm",
        "repo": "xdg-desktop-portal-hyprland",
        "rev": "a10726d6a8d0ef1a0c645378f983b6278c42eaa0",
        "type": "github"
      },
      "original": {
        "owner": "hyprwm",
        "repo": "xdg-desktop-portal-hyprland",
        "type": "github"
      }
    }
  },
  "root": "root",
  "version": 7
}
